
Microsoft Visual Studio Solution File, Format Version 12.00
# Visual Studio 15
VisualStudioVersion = 15.0.27703.2042
MinimumVisualStudioVersion = 10.0.40219.1
Project("{FAE04EC0-301F-11D3-BF4B-00C04F79EFBC}") = "Ref_2", "Ref_2\Ref_2.csproj", "{9888D7A3-8EC7-48AE-9F9B-F48AAC7860F4}"
EndProject
Global
	GlobalSection(SolutionConfigurationPlatforms) = preSolution
		Debug|Any CPU = Debug|Any CPU
		Release|Any CPU = Release|Any CPU
	EndGlobalSection
	GlobalSection(ProjectConfigurationPlatforms) = postSolution
		{9888D7A3-8EC7-48AE-9F9B-F48AAC7860F4}.Debug|Any CPU.ActiveCfg = Debug|Any CPU
		{9888D7A3-8EC7-48AE-9F9B-F48AAC7860F4}.Debug|Any CPU.Build.0 = Debug|Any CPU
		{9888D7A3-8EC7-48AE-9F9B-F48AAC7860F4}.Release|Any CPU.ActiveCfg = Release|Any CPU
		{9888D7A3-8EC7-48AE-9F9B-F48AAC7860F4}.Release|Any CPU.Build.0 = Release|Any CPU
	EndGlobalSection
	GlobalSection(SolutionProperties) = preSolution
		HideSolutionNode = FALSE
	EndGlobalSection
	GlobalSection(ExtensibilityGlobals) = postSolution
		SolutionGuid = {F6F5EE70-ADE1-41ED-9C9F-43E0FC2E7994}
	EndGlobalSection
EndGlobal
